{
  "nodes": {
    "devenv": {
      "locked": {
        "dir": "src/modules",
        "lastModified": 1774011822,
        "narHash": "sha256-Jyl/qstijtSpYR0isJBl74xNcBuPt95uOEV49Zc/SD0=",
        "owner": "cachix",
        "repo": "devenv",
        "rev": "8b1fb3311bf264afaa4ee638a472a94a107bd261",
        "type": "github"
      },
      "original": {
        "dir": "src/modules",
        "owner": "cachix",
        "repo": "devenv",
        "type": "github"
      }
    },
    "flake-compat": {
      "flake": false,
      "locked": {
        "lastModified": 1767039857,
        "narHash": "sha256-vNpUSpF5Nuw8xvDLj2KCwwksIbjua2LZCqhV1LNRDns=",
        "owner": "edolstra",
        "repo": "flake-compat",
        "rev": "5edf11c44bc78a0d334f6334cdaf7d60d732daab",
        "type": "github"
      },
      "original": {
        "owner": "edolstra",
        "repo": "flake-compat",
        "type": "github"
      }
    },
    "nixpkgs": {
      "inputs": {
        "nixpkgs-src": "nixpkgs-src"
      },
      "locked": {
        "lastModified": 1773704619,
        "narHash": "sha256-LKtmit8Sr81z8+N2vpIaN/fyiQJ8f7XJ6tMSKyDVQ9s=",
        "owner": "cachix",
        "repo": "devenv-nixpkgs",
        "rev": "906534d75b0e2fe74a719559dfb1ad3563485f43",
        "type": "github"
      },
      "original": {
        "owner": "cachix",
        "ref": "rolling",
        "repo": "devenv-nixpkgs",
        "type": "github"
      }
    },
    "nixpkgs-python": {
      "inputs": {
        "flake-compat": "flake-compat",
        "nixpkgs": [
          "nixpkgs"
        ]
      },
      "locked": {
        "lastModified": 1773766182,
        "narHash": "sha256-IXbPHwycQyYcccnNJShLGeUxCPPIgigpE5EzPuNDqoo=",
        "owner": "cachix",
        "repo": "nixpkgs-python",
        "rev": "f31232bde73682c38a6f60dd52f8ae861ef9594a",
        "type": "github"
      },
      "original": {
        "owner": "cachix",
        "repo": "nixpkgs-python",
        "type": "github"
      }
    },
    "nixpkgs-src": {
      "flake": false,
      "locked": {
        "lastModified": 1773597492,
        "narHash": "sha256-hQ284SkIeNaeyud+LS0WVLX+WL2rxcVZLFEaK0e03zg=",
        "owner": "NixOS",
        "repo": "nixpkgs",
        "rev": "a07d4ce6bee67d7c838a8a5796e75dff9caa21ef",
        "type": "github"
      },
      "original": {
        "owner": "NixOS",
        "ref": "nixpkgs-unstable",
        "repo": "nixpkgs",
        "type": "github"
      }
    },
    "root": {
      "inputs": {
        "devenv": "devenv",
        "nixpkgs": "nixpkgs",
        "nixpkgs-python": "nixpkgs-python"
      }
    }
  },
  "root": "root",
  "version": 7
}